
Microsoft Visual Studio Solution File, Format Version 12.00
# Visual Studio Version 17
VisualStudioVersion = 17.14.36221.1
MinimumVisualStudioVersion = 10.0.40219.1
Project("{FAE04EC0-301F-11D3-BF4B-00C04F79EFBC}") = "Magazin", "Magazin\Magazin.csproj", "{FC200788-00D0-4D98-989C-9E72CB830927}"
EndProject
Project("{00D1A9C2-B5F0-4AF3-8072-F6C62B433612}") = "MagData", "MagData\MagData.sqlproj", "{6029DE8E-E96F-4080-9F0D-F8E3ED78FFC7}"
EndProject
Project("{FAE04EC0-301F-11D3-BF4B-00C04F79EFBC}") = "MagDesktopUI", "MagDesktopUI\MagDesktopUI.csproj", "{D4EFBF74-61B2-4BF7-B448-20C2A5A3575B}"
EndProject
Project("{FAE04EC0-301F-11D3-BF4B-00C04F79EFBC}") = "Magazin.Library", "Magazin.Library\Magazin.Library.csproj", "{12F94B29-FE0A-4E12-A836-C376198E9F0C}"
EndProject
Project("{2150E333-8FDC-42A3-9474-1A3956D46DE8}") = "Database", "Database", "{02EA681E-C7D8-13C7-8484-4AC65E1B71E8}"
EndProject
Project("{2150E333-8FDC-42A3-9474-1A3956D46DE8}") = "API", "API", "{29E7614A-D85F-4400-BA56-8EEC4EA51341}"
EndProject
Project("{2150E333-8FDC-42A3-9474-1A3956D46DE8}") = "WPF", "WPF", "{0FCFC484-CC6B-4FF8-B336-433E582E1C77}"
EndProject
Project("{2150E333-8FDC-42A3-9474-1A3956D46DE8}") = "Solutions Items", "Solutions Items", "{D79FAD17-2CD4-4D1A-B0E0-B67BDFA3D889}"
	ProjectSection(SolutionItems) = preProject
		Roadmap.txt = Roadmap.txt
	EndProjectSection
EndProject
Project("{FAE04EC0-301F-11D3-BF4B-00C04F79EFBC}") = "MagDesktopUI.Library", "MagDesktopUI.Library\MagDesktopUI.Library.csproj", "{AB6EE01B-BDFB-477F-8381-931C4DE83050}"
EndProject
Global
	GlobalSection(SolutionConfigurationPlatforms) = preSolution
		Debug|Any CPU = Debug|Any CPU
		Release|Any CPU = Release|Any CPU
	EndGlobalSection
	GlobalSection(ProjectConfigurationPlatforms) = postSolution
		{FC200788-00D0-4D98-989C-9E72CB830927}.Debug|Any CPU.ActiveCfg = Debug|Any CPU
		{FC200788-00D0-4D98-989C-9E72CB830927}.Debug|Any CPU.Build.0 = Debug|Any CPU
		{FC200788-00D0-4D98-989C-9E72CB830927}.Release|Any CPU.ActiveCfg = Release|Any CPU
		{FC200788-00D0-4D98-989C-9E72CB830927}.Release|Any CPU.Build.0 = Release|Any CPU
		{6029DE8E-E96F-4080-9F0D-F8E3ED78FFC7}.Debug|Any CPU.ActiveCfg = Debug|Any CPU
		{6029DE8E-E96F-4080-9F0D-F8E3ED78FFC7}.Debug|Any CPU.Build.0 = Debug|Any CPU
		{6029DE8E-E96F-4080-9F0D-F8E3ED78FFC7}.Debug|Any CPU.Deploy.0 = Debug|Any CPU
		{6029DE8E-E96F-4080-9F0D-F8E3ED78FFC7}.Release|Any CPU.ActiveCfg = Release|Any CPU
		{6029DE8E-E96F-4080-9F0D-F8E3ED78FFC7}.Release|Any CPU.Build.0 = Release|Any CPU
		{6029DE8E-E96F-4080-9F0D-F8E3ED78FFC7}.Release|Any CPU.Deploy.0 = Release|Any CPU
		{D4EFBF74-61B2-4BF7-B448-20C2A5A3575B}.Debug|Any CPU.ActiveCfg = Debug|Any CPU
		{D4EFBF74-61B2-4BF7-B448-20C2A5A3575B}.Debug|Any CPU.Build.0 = Debug|Any CPU
		{D4EFBF74-61B2-4BF7-B448-20C2A5A3575B}.Release|Any CPU.ActiveCfg = Release|Any CPU
		{D4EFBF74-61B2-4BF7-B448-20C2A5A3575B}.Release|Any CPU.Build.0 = Release|Any CPU
		{12F94B29-FE0A-4E12-A836-C376198E9F0C}.Debug|Any CPU.ActiveCfg = Debug|Any CPU
		{12F94B29-FE0A-4E12-A836-C376198E9F0C}.Debug|Any CPU.Build.0 = Debug|Any CPU
		{12F94B29-FE0A-4E12-A836-C376198E9F0C}.Release|Any CPU.ActiveCfg = Release|Any CPU
		{12F94B29-FE0A-4E12-A836-C376198E9F0C}.Release|Any CPU.Build.0 = Release|Any CPU
		{AB6EE01B-BDFB-477F-8381-931C4DE83050}.Debug|Any CPU.ActiveCfg = Debug|Any CPU
		{AB6EE01B-BDFB-477F-8381-931C4DE83050}.Debug|Any CPU.Build.0 = Debug|Any CPU
		{AB6EE01B-BDFB-477F-8381-931C4DE83050}.Release|Any CPU.ActiveCfg = Release|Any CPU
		{AB6EE01B-BDFB-477F-8381-931C4DE83050}.Release|Any CPU.Build.0 = Release|Any CPU
	EndGlobalSection
	GlobalSection(SolutionProperties) = preSolution
		HideSolutionNode = FALSE
	EndGlobalSection
	GlobalSection(NestedProjects) = preSolution
		{FC200788-00D0-4D98-989C-9E72CB830927} = {29E7614A-D85F-4400-BA56-8EEC4EA51341}
		{6029DE8E-E96F-4080-9F0D-F8E3ED78FFC7} = {02EA681E-C7D8-13C7-8484-4AC65E1B71E8}
		{D4EFBF74-61B2-4BF7-B448-20C2A5A3575B} = {0FCFC484-CC6B-4FF8-B336-433E582E1C77}
		{12F94B29-FE0A-4E12-A836-C376198E9F0C} = {29E7614A-D85F-4400-BA56-8EEC4EA51341}
		{AB6EE01B-BDFB-477F-8381-931C4DE83050} = {0FCFC484-CC6B-4FF8-B336-433E582E1C77}
	EndGlobalSection
	GlobalSection(ExtensibilityGlobals) = postSolution
		SolutionGuid = {3B7A2CFD-F75B-48DB-BE70-4C3F7EF6DCB7}
	EndGlobalSection
EndGlobal
