
Microsoft Visual Studio Solution File, Format Version 12.00
# Visual Studio Version 17
VisualStudioVersion = 17.14.36221.1
MinimumVisualStudioVersion = 10.0.40219.1
Project("{00D1A9C2-B5F0-4AF3-8072-F6C62B433612}") = "MagData", "MagData\MagData.sqlproj", "{6029DE8E-E96F-4080-9F0D-F8E3ED78FFC7}"
EndProject
Project("{2150E333-8FDC-42A3-9474-1A3956D46DE8}") = "Database", "Database", "{02EA681E-C7D8-13C7-8484-4AC65E1B71E8}"
EndProject
Project("{2150E333-8FDC-42A3-9474-1A3956D46DE8}") = "API", "API", "{29E7614A-D85F-4400-BA56-8EEC4EA51341}"
EndProject
Project("{2150E333-8FDC-42A3-9474-1A3956D46DE8}") = "WPF", "WPF", "{0FCFC484-CC6B-4FF8-B336-433E582E1C77}"
EndProject
Project("{2150E333-8FDC-42A3-9474-1A3956D46DE8}") = "Solutions Items", "Solutions Items", "{D79FAD17-2CD4-4D1A-B0E0-B67BDFA3D889}"
	ProjectSection(SolutionItems) = preProject
		Roadmap.txt = Roadmap.txt
	EndProjectSection
EndProject
Project("{FAE04EC0-301F-11D3-BF4B-00C04F79EFBC}") = "MagazinApi", "MagazinApi\MagazinApi.csproj", "{F4CE0FE4-E038-4FA0-9459-C9D7EFBB5B38}"
EndProject
Project("{FAE04EC0-301F-11D3-BF4B-00C04F79EFBC}") = "Magazin.Library", "Magazin.Library\Magazin.Library.csproj", "{3E07ABF3-1ACE-60AD-0B22-9BFAF67F8585}"
EndProject
Project("{FAE04EC0-301F-11D3-BF4B-00C04F79EFBC}") = "MagDesktopUI", "MagDesktopUI\MagDesktopUI.csproj", "{81AB65EF-1732-685E-5D12-17053031B7DC}"
EndProject
Project("{FAE04EC0-301F-11D3-BF4B-00C04F79EFBC}") = "MagDesktopUI.Library", "MagDesktopUI.Library\MagDesktopUI.Library.csproj", "{5A5CE9DC-A90E-476E-D6AF-11D75C39332B}"
EndProject
Project("{2150E333-8FDC-42A3-9474-1A3956D46DE8}") = "WebApps", "WebApps", "{7B4FD210-3945-45A6-B8B2-6A61B218C558}"
EndProject
Project("{FAE04EC0-301F-11D3-BF4B-00C04F79EFBC}") = "Portal", "Portal\Portal.csproj", "{0FFD5F94-F2F0-49E7-8E66-41FD8D57F1B5}"
EndProject
Global
	GlobalSection(SolutionConfigurationPlatforms) = preSolution
		Debug|Any CPU = Debug|Any CPU
		Release|Any CPU = Release|Any CPU
	EndGlobalSection
	GlobalSection(ProjectConfigurationPlatforms) = postSolution
		{6029DE8E-E96F-4080-9F0D-F8E3ED78FFC7}.Debug|Any CPU.ActiveCfg = Debug|Any CPU
		{6029DE8E-E96F-4080-9F0D-F8E3ED78FFC7}.Debug|Any CPU.Build.0 = Debug|Any CPU
		{6029DE8E-E96F-4080-9F0D-F8E3ED78FFC7}.Debug|Any CPU.Deploy.0 = Debug|Any CPU
		{6029DE8E-E96F-4080-9F0D-F8E3ED78FFC7}.Release|Any CPU.ActiveCfg = Release|Any CPU
		{6029DE8E-E96F-4080-9F0D-F8E3ED78FFC7}.Release|Any CPU.Build.0 = Release|Any CPU
		{6029DE8E-E96F-4080-9F0D-F8E3ED78FFC7}.Release|Any CPU.Deploy.0 = Release|Any CPU
		{F4CE0FE4-E038-4FA0-9459-C9D7EFBB5B38}.Debug|Any CPU.ActiveCfg = Debug|Any CPU
		{F4CE0FE4-E038-4FA0-9459-C9D7EFBB5B38}.Debug|Any CPU.Build.0 = Debug|Any CPU
		{F4CE0FE4-E038-4FA0-9459-C9D7EFBB5B38}.Release|Any CPU.ActiveCfg = Release|Any CPU
		{F4CE0FE4-E038-4FA0-9459-C9D7EFBB5B38}.Release|Any CPU.Build.0 = Release|Any CPU
		{3E07ABF3-1ACE-60AD-0B22-9BFAF67F8585}.Debug|Any CPU.ActiveCfg = Debug|Any CPU
		{3E07ABF3-1ACE-60AD-0B22-9BFAF67F8585}.Debug|Any CPU.Build.0 = Debug|Any CPU
		{3E07ABF3-1ACE-60AD-0B22-9BFAF67F8585}.Release|Any CPU.ActiveCfg = Release|Any CPU
		{3E07ABF3-1ACE-60AD-0B22-9BFAF67F8585}.Release|Any CPU.Build.0 = Release|Any CPU
		{81AB65EF-1732-685E-5D12-17053031B7DC}.Debug|Any CPU.ActiveCfg = Debug|Any CPU
		{81AB65EF-1732-685E-5D12-17053031B7DC}.Debug|Any CPU.Build.0 = Debug|Any CPU
		{81AB65EF-1732-685E-5D12-17053031B7DC}.Release|Any CPU.ActiveCfg = Release|Any CPU
		{81AB65EF-1732-685E-5D12-17053031B7DC}.Release|Any CPU.Build.0 = Release|Any CPU
		{5A5CE9DC-A90E-476E-D6AF-11D75C39332B}.Debug|Any CPU.ActiveCfg = Debug|Any CPU
		{5A5CE9DC-A90E-476E-D6AF-11D75C39332B}.Debug|Any CPU.Build.0 = Debug|Any CPU
		{5A5CE9DC-A90E-476E-D6AF-11D75C39332B}.Release|Any CPU.ActiveCfg = Release|Any CPU
		{5A5CE9DC-A90E-476E-D6AF-11D75C39332B}.Release|Any CPU.Build.0 = Release|Any CPU
		{0FFD5F94-F2F0-49E7-8E66-41FD8D57F1B5}.Debug|Any CPU.ActiveCfg = Debug|Any CPU
		{0FFD5F94-F2F0-49E7-8E66-41FD8D57F1B5}.Debug|Any CPU.Build.0 = Debug|Any CPU
		{0FFD5F94-F2F0-49E7-8E66-41FD8D57F1B5}.Release|Any CPU.ActiveCfg = Release|Any CPU
		{0FFD5F94-F2F0-49E7-8E66-41FD8D57F1B5}.Release|Any CPU.Build.0 = Release|Any CPU
	EndGlobalSection
	GlobalSection(SolutionProperties) = preSolution
		HideSolutionNode = FALSE
	EndGlobalSection
	GlobalSection(NestedProjects) = preSolution
		{6029DE8E-E96F-4080-9F0D-F8E3ED78FFC7} = {02EA681E-C7D8-13C7-8484-4AC65E1B71E8}
		{F4CE0FE4-E038-4FA0-9459-C9D7EFBB5B38} = {29E7614A-D85F-4400-BA56-8EEC4EA51341}
		{3E07ABF3-1ACE-60AD-0B22-9BFAF67F8585} = {29E7614A-D85F-4400-BA56-8EEC4EA51341}
		{81AB65EF-1732-685E-5D12-17053031B7DC} = {0FCFC484-CC6B-4FF8-B336-433E582E1C77}
		{5A5CE9DC-A90E-476E-D6AF-11D75C39332B} = {0FCFC484-CC6B-4FF8-B336-433E582E1C77}
		{0FFD5F94-F2F0-49E7-8E66-41FD8D57F1B5} = {7B4FD210-3945-45A6-B8B2-6A61B218C558}
	EndGlobalSection
	GlobalSection(ExtensibilityGlobals) = postSolution
		SolutionGuid = {3B7A2CFD-F75B-48DB-BE70-4C3F7EF6DCB7}
	EndGlobalSection
EndGlobal
